
Microsoft Visual Studio Solution File, Format Version 12.00
# Visual Studio Version 17
VisualStudioVersion = 17.7.34031.279
MinimumVisualStudioVersion = 10.0.40219.1
Project("{FAE04EC0-301F-11D3-BF4B-00C04F79EFBC}") = "tinhtiennuoc", "tinhtiennuoc\tinhtiennuoc.csproj", "{F93DA07A-93D6-45D0-8281-E5DE1A397006}"
EndProject
Project("{FAE04EC0-301F-11D3-BF4B-00C04F79EFBC}") = "lib_tinhtiennuoc", "lib_tinhtiennuoc\lib_tinhtiennuoc.csproj", "{0ABF1D28-5E20-4904-B4B4-3F5A08FDA9C4}"
EndProject
Project("{FAE04EC0-301F-11D3-BF4B-00C04F79EFBC}") = "tinhtiennuoc2", "tinhtiennuoc2\tinhtiennuoc2.csproj", "{9398523A-391D-4317-886B-308BC83E47BD}"
EndProject
Global
	GlobalSection(SolutionConfigurationPlatforms) = preSolution
		Debug|Any CPU = Debug|Any CPU
		Release|Any CPU = Release|Any CPU
	EndGlobalSection
	GlobalSection(ProjectConfigurationPlatforms) = postSolution
		{F93DA07A-93D6-45D0-8281-E5DE1A397006}.Debug|Any CPU.ActiveCfg = Debug|Any CPU
		{F93DA07A-93D6-45D0-8281-E5DE1A397006}.Debug|Any CPU.Build.0 = Debug|Any CPU
		{F93DA07A-93D6-45D0-8281-E5DE1A397006}.Release|Any CPU.ActiveCfg = Release|Any CPU
		{F93DA07A-93D6-45D0-8281-E5DE1A397006}.Release|Any CPU.Build.0 = Release|Any CPU
		{0ABF1D28-5E20-4904-B4B4-3F5A08FDA9C4}.Debug|Any CPU.ActiveCfg = Debug|Any CPU
		{0ABF1D28-5E20-4904-B4B4-3F5A08FDA9C4}.Debug|Any CPU.Build.0 = Debug|Any CPU
		{0ABF1D28-5E20-4904-B4B4-3F5A08FDA9C4}.Release|Any CPU.ActiveCfg = Release|Any CPU
		{0ABF1D28-5E20-4904-B4B4-3F5A08FDA9C4}.Release|Any CPU.Build.0 = Release|Any CPU
		{9398523A-391D-4317-886B-308BC83E47BD}.Debug|Any CPU.ActiveCfg = Debug|Any CPU
		{9398523A-391D-4317-886B-308BC83E47BD}.Debug|Any CPU.Build.0 = Debug|Any CPU
		{9398523A-391D-4317-886B-308BC83E47BD}.Release|Any CPU.ActiveCfg = Release|Any CPU
		{9398523A-391D-4317-886B-308BC83E47BD}.Release|Any CPU.Build.0 = Release|Any CPU
	EndGlobalSection
	GlobalSection(SolutionProperties) = preSolution
		HideSolutionNode = FALSE
	EndGlobalSection
	GlobalSection(ExtensibilityGlobals) = postSolution
		SolutionGuid = {EB795F4B-5918-42F8-A76A-76C404028795}
	EndGlobalSection
EndGlobal
